
Microsoft Visual Studio Solution File, Format Version 12.00
# Visual Studio Version 17
VisualStudioVersion = 17.4.33213.308
MinimumVisualStudioVersion = 10.0.40219.1
Project("{FAE04EC0-301F-11D3-BF4B-00C04F79EFBC}") = "MunsonPickles.Functions", "MunsonPickles.Functions\MunsonPickles.Functions.csproj", "{5242C353-F199-4042-9025-0C4566C4BD6F}"
EndProject
Global
	GlobalSection(SolutionConfigurationPlatforms) = preSolution
		Debug|Any CPU = Debug|Any CPU
		Release|Any CPU = Release|Any CPU
	EndGlobalSection
	GlobalSection(ProjectConfigurationPlatforms) = postSolution
		{5242C353-F199-4042-9025-0C4566C4BD6F}.Debug|Any CPU.ActiveCfg = Debug|Any CPU
		{5242C353-F199-4042-9025-0C4566C4BD6F}.Debug|Any CPU.Build.0 = Debug|Any CPU
		{5242C353-F199-4042-9025-0C4566C4BD6F}.Release|Any CPU.ActiveCfg = Release|Any CPU
		{5242C353-F199-4042-9025-0C4566C4BD6F}.Release|Any CPU.Build.0 = Release|Any CPU
	EndGlobalSection
	GlobalSection(SolutionProperties) = preSolution
		HideSolutionNode = FALSE
	EndGlobalSection
	GlobalSection(ExtensibilityGlobals) = postSolution
		SolutionGuid = {DAA5616E-41B8-4D06-BC52-F408DCF66430}
	EndGlobalSection
EndGlobal
