
Microsoft Visual Studio Solution File, Format Version 12.00
# Visual Studio Version 17
VisualStudioVersion = 17.5.33103.201
MinimumVisualStudioVersion = 10.0.40219.1
Project("{9A19103F-16F7-4668-BE54-9A1E7A4F7556}") = "MunsonPickles.Web", "MunsonPickles.Web\MunsonPickles.Web.csproj", "{A12EB21A-BF3C-49F0-9263-9F9C4607A539}"
EndProject
Global
	GlobalSection(SolutionConfigurationPlatforms) = preSolution
		Debug|Any CPU = Debug|Any CPU
		Release|Any CPU = Release|Any CPU
	EndGlobalSection
	GlobalSection(ProjectConfigurationPlatforms) = postSolution
		{A12EB21A-BF3C-49F0-9263-9F9C4607A539}.Debug|Any CPU.ActiveCfg = Debug|Any CPU
		{A12EB21A-BF3C-49F0-9263-9F9C4607A539}.Debug|Any CPU.Build.0 = Debug|Any CPU
		{A12EB21A-BF3C-49F0-9263-9F9C4607A539}.Release|Any CPU.ActiveCfg = Release|Any CPU
		{A12EB21A-BF3C-49F0-9263-9F9C4607A539}.Release|Any CPU.Build.0 = Release|Any CPU
	EndGlobalSection
	GlobalSection(SolutionProperties) = preSolution
		HideSolutionNode = FALSE
	EndGlobalSection
	GlobalSection(ExtensibilityGlobals) = postSolution
		SolutionGuid = {5E28577A-2713-407B-9FB6-3A1740ABFB64}
	EndGlobalSection
EndGlobal
